// !$*UTF8*$!
{
	archiveVersion = 1;
	classes = {
	};
	objectVersion = 50;
	objects = {

/* Begin PBXBuildFile section */
		106ACCCF20B483B900FF8140 /* AppDelegate.swift in Sources */ = {isa = PBXBuildFile; fileRef = 106ACCCE20B483B900FF8140 /* AppDelegate.swift */; };
		106ACCD120B483B900FF8140 /* ViewController.swift in Sources */ = {isa = PBXBuildFile; fileRef = 106ACCD020B483B900FF8140 /* ViewController.swift */; };
		106ACCD420B483B900FF8140 /* Main.storyboard in Resources */ = {isa = PBXBuildFile; fileRef = 106ACCD220B483B900FF8140 /* Main.storyboard */; };
		106ACCD720B483B900FF8140 /* _3_CVC.xcdatamodeld in Sources */ = {isa = PBXBuildFile; fileRef = 106ACCD520B483B900FF8140 /* _3_CVC.xcdatamodeld */; };
		106ACCD920B483BB00FF8140 /* Assets.xcassets in Resources */ = {isa = PBXBuildFile; fileRef = 106ACCD820B483BB00FF8140 /* Assets.xcassets */; };
		106ACCDC20B483BB00FF8140 /* LaunchScreen.storyboard in Resources */ = {isa = PBXBuildFile; fileRef = 106ACCDA20B483BB00FF8140 /* LaunchScreen.storyboard */; };
/* End PBXBuildFile section */

/* Begin PBXFileReference section */
		106ACCCB20B483B900FF8140 /* 03_CVC.app */ = {isa = PBXFileReference; explicitFileType = wrapper.application; includeInIndex = 0; path = 03_CVC.app; sourceTree = BUILT_PRODUCTS_DIR; };
		106ACCCE20B483B900FF8140 /* AppDelegate.swift */ = {isa = PBXFileReference; lastKnownFileType = sourcecode.swift; path = AppDelegate.swift; sourceTree = "<group>"; };
		106ACCD020B483B900FF8140 /* ViewController.swift */ = {isa = PBXFileReference; lastKnownFileType = sourcecode.swift; path = ViewController.swift; sourceTree = "<group>"; };
		106ACCD320B483B900FF8140 /* Base */ = {isa = PBXFileReference; lastKnownFileType = file.storyboard; name = Base; path = Base.lproj/Main.storyboard; sourceTree = "<group>"; };
		106ACCD620B483B900FF8140 /* _3_CVC.xcdatamodel */ = {isa = PBXFileReference; lastKnownFileType = wrapper.xcdatamodel; path = _3_CVC.xcdatamodel; sourceTree = "<group>"; };
		106ACCD820B483BB00FF8140 /* Assets.xcassets */ = {isa = PBXFileReference; lastKnownFileType = folder.assetcatalog; path = Assets.xcassets; sourceTree = "<group>"; };
		106ACCDB20B483BB00FF8140 /* Base */ = {isa = PBXFileReference; lastKnownFileType = file.storyboard; name = Base; path = Base.lproj/LaunchScreen.storyboard; sourceTree = "<group>"; };
		106ACCDD20B483BB00FF8140 /* Info.plist */ = {isa = PBXFileReference; lastKnownFileType = text.plist.xml; path = Info.plist; sourceTree = "<group>"; };
/* End PBXFileReference section */

/* Begin PBXFrameworksBuildPhase section */
		106ACCC820B483B900FF8140 /* Frameworks */ = {
			isa = PBXFrameworksBuildPhase;
			buildActionMask = 2147483647;
			files = (
			);
			runOnlyForDeploymentPostprocessing = 0;
		};
/* End PBXFrameworksBuildPhase section */

/* Begin PBXGroup section */
		106ACCC220B483B900FF8140 = {
			isa = PBXGroup;
			children = (
				106ACCCD20B483B900FF8140 /* 03_CVC */,
				106ACCCC20B483B900FF8140 /* Products */,
			);
			sourceTree = "<group>";
		};
		106ACCCC20B483B900FF8140 /* Products */ = {
			isa = PBXGroup;
			children = (
				106ACCCB20B483B900FF8140 /* 03_CVC.app */,
			);
			name = Products;
			sourceTree = "<group>";
		};
		106ACCCD20B483B900FF8140 /* 03_CVC */ = {
			isa = PBXGroup;
			children = (
				106ACCCE20B483B900FF8140 /* AppDelegate.swift */,
				106ACCD020B483B900FF8140 /* ViewController.swift */,
				106ACCD220B483B900FF8140 /* Main.storyboard */,
				106ACCD820B483BB00FF8140 /* Assets.xcassets */,
				106ACCDA20B483BB00FF8140 /* LaunchScreen.storyboard */,
				106ACCDD20B483BB00FF8140 /* Info.plist */,
				106ACCD520B483B900FF8140 /* _3_CVC.xcdatamodeld */,
			);
			path = 03_CVC;
			sourceTree = "<group>";
		};
/* End PBXGroup section */

/* Begin PBXNativeTarget section */
		106ACCCA20B483B900FF8140 /* 03_CVC */ = {
			isa = PBXNativeTarget;
			buildConfigurationList = 106ACCE020B483BB00FF8140 /* Build configuration list for PBXNativeTarget "03_CVC" */;
			buildPhases = (
				106ACCC720B483B900FF8140 /* Sources */,
				106ACCC820B483B900FF8140 /* Frameworks */,
				106ACCC920B483B900FF8140 /* Resources */,
			);
			buildRules = (
			);
			dependencies = (
			);
			name = 03_CVC;
			productName = 03_CVC;
			productReference = 106ACCCB20B483B900FF8140 /* 03_CVC.app */;
			productType = "com.apple.product-type.application";
		};
/* End PBXNativeTarget section */

/* Begin PBXProject section */
		106ACCC320B483B900FF8140 /* Project object */ = {
			isa = PBXProject;
			attributes = {
				LastSwiftUpdateCheck = 0930;
				LastUpgradeCheck = 0930;
				ORGANIZATIONNAME = bartolomio;
				TargetAttributes = {
					106ACCCA20B483B900FF8140 = {
						CreatedOnToolsVersion = 9.3.1;
					};
				};
			};
			buildConfigurationList = 106ACCC620B483B900FF8140 /* Build configuration list for PBXProject "03_CVC" */;
			compatibilityVersion = "Xcode 9.3";
			developmentRegion = en;
			hasScannedForEncodings = 0;
			knownRegions = (
				en,
				Base,
			);
			mainGroup = 106ACCC220B483B900FF8140;
			productRefGroup = 106ACCCC20B483B900FF8140 /* Products */;
			projectDirPath = "";
			projectRoot = "";
			targets = (
				106ACCCA20B483B900FF8140 /* 03_CVC */,
			);
		};
/* End PBXProject section */

/* Begin PBXResourcesBuildPhase section */
		106ACCC920B483B900FF8140 /* Resources */ = {
			isa = PBXResourcesBuildPhase;
			buildActionMask = 2147483647;
			files = (
				106ACCDC20B483BB00FF8140 /* LaunchScreen.storyboard in Resources */,
				106ACCD920B483BB00FF8140 /* Assets.xcassets in Resources */,
				106ACCD420B483B900FF8140 /* Main.storyboard in Resources */,
			);
			runOnlyForDeploymentPostprocessing = 0;
		};
/* End PBXResourcesBuildPhase section */

/* Begin PBXSourcesBuildPhase section */
		106ACCC720B483B900FF8140 /* Sources */ = {
			isa = PBXSourcesBuildPhase;
			buildActionMask = 2147483647;
			files = (
				106ACCD120B483B900FF8140 /* ViewController.swift in Sources */,
				106ACCD720B483B900FF8140 /* _3_CVC.xcdatamodeld in Sources */,
				106ACCCF20B483B900FF8140 /* AppDelegate.swift in Sources */,
			);
			runOnlyForDeploymentPostprocessing = 0;
		};
/* End PBXSourcesBuildPhase section */

/* Begin PBXVariantGroup section */
		106ACCD220B483B900FF8140 /* Main.storyboard */ = {
			isa = PBXVariantGroup;
			children = (
				106ACCD320B483B900FF8140 /* Base */,
			);
			name = Main.storyboard;
			sourceTree = "<group>";
		};
		106ACCDA20B483BB00FF8140 /* LaunchScreen.storyboard */ = {
			isa = PBXVariantGroup;
			children = (
				106ACCDB20B483BB00FF8140 /* Base */,
			);
			name = LaunchScreen.storyboard;
			sourceTree = "<group>";
		};
/* End PBXVariantGroup section */

/* Begin XCBuildConfiguration section */
		106ACCDE20B483BB00FF8140 /* Debug */ = {
			isa = XCBuildConfiguration;
			buildSettings = {
				ALWAYS_SEARCH_USER_PATHS = NO;
				CLANG_ANALYZER_NONNULL = YES;
				CLANG_ANALYZER_NUMBER_OBJECT_CONVERSION = YES_AGGRESSIVE;
				CLANG_CXX_LANGUAGE_STANDARD = "gnu++14";
				CLANG_CXX_LIBRARY = "libc++";
				CLANG_ENABLE_MODULES = YES;
				CLANG_ENABLE_OBJC_ARC = YES;
				CLANG_ENABLE_OBJC_WEAK = YES;
				CLANG_WARN_BLOCK_CAPTURE_AUTORELEASING = YES;
				CLANG_WARN_BOOL_CONVERSION = YES;
				CLANG_WARN_COMMA = YES;
				CLANG_WARN_CONSTANT_CONVERSION = YES;
				CLANG_WARN_DEPRECATED_OBJC_IMPLEMENTATIONS = YES;
				CLANG_WARN_DIRECT_OBJC_ISA_USAGE = YES_ERROR;
				CLANG_WARN_DOCUMENTATION_COMMENTS = YES;
				CLANG_WARN_EMPTY_BODY = YES;
				CLANG_WARN_ENUM_CONVERSION = YES;
				CLANG_WARN_INFINITE_RECURSION = YES;
				CLANG_WARN_INT_CONVERSION = YES;
				CLANG_WARN_NON_LITERAL_NULL_CONVERSION = YES;
				CLANG_WARN_OBJC_IMPLICIT_RETAIN_SELF = YES;
				CLANG_WARN_OBJC_LITERAL_CONVERSION = YES;
				CLANG_WARN_OBJC_ROOT_CLASS = YES_ERROR;
				CLANG_WARN_RANGE_LOOP_ANALYSIS = YES;
				CLANG_WARN_STRICT_PROTOTYPES = YES;
				CLANG_WARN_SUSPICIOUS_MOVE = YES;
				CLANG_WARN_UNGUARDED_AVAILABILITY = YES_AGGRESSIVE;
				CLANG_WARN_UNREACHABLE_CODE = YES;
				CLANG_WARN__DUPLICATE_METHOD_MATCH = YES;
				CODE_SIGN_IDENTITY = "iPhone Developer";
				COPY_PHASE_STRIP = NO;
				DEBUG_INFORMATION_FORMAT = dwarf;
				ENABLE_STRICT_OBJC_MSGSEND = YES;
				ENABLE_TESTABILITY = YES;
				GCC_C_LANGUAGE_STANDARD = gnu11;
				GCC_DYNAMIC_NO_PIC = NO;
				GCC_NO_COMMON_BLOCKS = YES;
				GCC_OPTIMIZATION_LEVEL = 0;
				GCC_PREPROCESSOR_DEFINITIONS = (
					"DEBUG=1",
					"$(inherited)",
				);
				GCC_WARN_64_TO_32_BIT_CONVERSION = YES;
				GCC_WARN_ABOUT_RETURN_TYPE = YES_ERROR;
				GCC_WARN_UNDECLARED_SELECTOR = YES;
				GCC_WARN_UNINITIALIZED_AUTOS = YES_AGGRESSIVE;
				GCC_WARN_UNUSED_FUNCTION = YES;
				GCC_WARN_UNUSED_VARIABLE = YES;
				IPHONEOS_DEPLOYMENT_TARGET = 11.3;
				MTL_ENABLE_DEBUG_INFO = YES;
				ONLY_ACTIVE_ARCH = YES;
				SDKROOT = iphoneos;
				SWIFT_ACTIVE_COMPILATION_CONDITIONS = DEBUG;
				SWIFT_OPTIMIZATION_LEVEL = "-Onone";
			};
			name = Debug;
		};
		106ACCDF20B483BB00FF8140 /* Release */ = {
			isa = XCBuildConfiguration;
			buildSettings = {
				ALWAYS_SEARCH_USER_PATHS = NO;
				CLANG_ANALYZER_NONNULL = YES;
				CLANG_ANALYZER_NUMBER_OBJECT_CONVERSION = YES_AGGRESSIVE;
				CLANG_CXX_LANGUAGE_STANDARD = "gnu++14";
				CLANG_CXX_LIBRARY = "libc++";
				CLANG_ENABLE_MODULES = YES;
				CLANG_ENABLE_OBJC_ARC = YES;
				CLANG_ENABLE_OBJC_WEAK = YES;
				CLANG_WARN_BLOCK_CAPTURE_AUTORELEASING = YES;
				CLANG_WARN_BOOL_CONVERSION = YES;
				CLANG_WARN_COMMA = YES;
				CLANG_WARN_CONSTANT_CONVERSION = YES;
				CLANG_WARN_DEPRECATED_OBJC_IMPLEMENTATIONS = YES;
				CLANG_WARN_DIRECT_OBJC_ISA_USAGE = YES_ERROR;
				CLANG_WARN_DOCUMENTATION_COMMENTS = YES;
				CLANG_WARN_EMPTY_BODY = YES;
				CLANG_WARN_ENUM_CONVERSION = YES;
				CLANG_WARN_INFINITE_RECURSION = YES;
				CLANG_WARN_INT_CONVERSION = YES;
				CLANG_WARN_NON_LITERAL_NULL_CONVERSION = YES;
				CLANG_WARN_OBJC_IMPLICIT_RETAIN_SELF = YES;
				CLANG_WARN_OBJC_LITERAL_CONVERSION = YES;
				CLANG_WARN_OBJC_ROOT_CLASS = YES_ERROR;
				CLANG_WARN_RANGE_LOOP_ANALYSIS = YES;
				CLANG_WARN_STRICT_PROTOTYPES = YES;
				CLANG_WARN_SUSPICIOUS_MOVE = YES;
				CLANG_WARN_UNGUARDED_AVAILABILITY = YES_AGGRESSIVE;
				CLANG_WARN_UNREACHABLE_CODE = YES;
				CLANG_WARN__DUPLICATE_METHOD_MATCH = YES;
				CODE_SIGN_IDENTITY = "iPhone Developer";
				COPY_PHASE_STRIP = NO;
				DEBUG_INFORMATION_FORMAT = "dwarf-with-dsym";
				ENABLE_NS_ASSERTIONS = NO;
				ENABLE_STRICT_OBJC_MSGSEND = YES;
				GCC_C_LANGUAGE_STANDARD = gnu11;
				GCC_NO_COMMON_BLOCKS = YES;
				GCC_WARN_64_TO_32_BIT_CONVERSION = YES;
				GCC_WARN_ABOUT_RETURN_TYPE = YES_ERROR;
				GCC_WARN_UNDECLARED_SELECTOR = YES;
				GCC_WARN_UNINITIALIZED_AUTOS = YES_AGGRESSIVE;
				GCC_WARN_UNUSED_FUNCTION = YES;
				GCC_WARN_UNUSED_VARIABLE = YES;
				IPHONEOS_DEPLOYMENT_TARGET = 11.3;
				MTL_ENABLE_DEBUG_INFO = NO;
				SDKROOT = iphoneos;
				SWIFT_COMPILATION_MODE = wholemodule;
				SWIFT_OPTIMIZATION_LEVEL = "-O";
				VALIDATE_PRODUCT = YES;
			};
			name = Release;
		};
		106ACCE120B483BB00FF8140 /* Debug */ = {
			isa = XCBuildConfiguration;
			buildSettings = {
				ASSETCATALOG_COMPILER_APPICON_NAME = AppIcon;
				CODE_SIGN_STYLE = Automatic;
				DEVELOPMENT_TEAM = N53MGX7VRZ;
				INFOPLIST_FILE = 03_CVC/Info.plist;
				LD_RUNPATH_SEARCH_PATHS = (
					"$(inherited)",
					"@executable_path/Frameworks",
				);
				PRODUCT_BUNDLE_IDENTIFIER = "com.bartolomio.-3-CVC";
				PRODUCT_NAME = "$(TARGET_NAME)";
				SWIFT_VERSION = 4.0;
				TARGETED_DEVICE_FAMILY = "1,2";
			};
			name = Debug;
		};
		106ACCE220B483BB00FF8140 /* Release */ = {
			isa = XCBuildConfiguration;
			buildSettings = {
				ASSETCATALOG_COMPILER_APPICON_NAME = AppIcon;
				CODE_SIGN_STYLE = Automatic;
				DEVELOPMENT_TEAM = N53MGX7VRZ;
				INFOPLIST_FILE = 03_CVC/Info.plist;
				LD_RUNPATH_SEARCH_PATHS = (
					"$(inherited)",
					"@executable_path/Frameworks",
				);
				PRODUCT_BUNDLE_IDENTIFIER = "com.bartolomio.-3-CVC";
				PRODUCT_NAME = "$(TARGET_NAME)";
				SWIFT_VERSION = 4.0;
				TARGETED_DEVICE_FAMILY = "1,2";
			};
			name = Release;
		};
/* End XCBuildConfiguration section */

/* Begin XCConfigurationList section */
		106ACCC620B483B900FF8140 /* Build configuration list for PBXProject "03_CVC" */ = {
			isa = XCConfigurationList;
			buildConfigurations = (
				106ACCDE20B483BB00FF8140 /* Debug */,
				106ACCDF20B483BB00FF8140 /* Release */,
			);
			defaultConfigurationIsVisible = 0;
			defaultConfigurationName = Release;
		};
		106ACCE020B483BB00FF8140 /* Build configuration list for PBXNativeTarget "03_CVC" */ = {
			isa = XCConfigurationList;
			buildConfigurations = (
				106ACCE120B483BB00FF8140 /* Debug */,
				106ACCE220B483BB00FF8140 /* Release */,
			);
			defaultConfigurationIsVisible = 0;
			defaultConfigurationName = Release;
		};
/* End XCConfigurationList section */

/* Begin XCVersionGroup section */
		106ACCD520B483B900FF8140 /* _3_CVC.xcdatamodeld */ = {
			isa = XCVersionGroup;
			children = (
				106ACCD620B483B900FF8140 /* _3_CVC.xcdatamodel */,
			);
			currentVersion = 106ACCD620B483B900FF8140 /* _3_CVC.xcdatamodel */;
			path = _3_CVC.xcdatamodeld;
			sourceTree = "<group>";
			versionGroupType = wrapper.xcdatamodel;
		};
/* End XCVersionGroup section */
	};
	rootObject = 106ACCC320B483B900FF8140 /* Project object */;
}
